
Microsoft Visual Studio Solution File, Format Version 12.00
# Visual Studio Version 17
VisualStudioVersion = 17.8.34408.163
MinimumVisualStudioVersion = 10.0.40219.1
Project("{FAE04EC0-301F-11D3-BF4B-00C04F79EFBC}") = "Porav_Claudiu_Lab1", "Porav_Claudiu_Lab1.csproj", "{2026A6C2-03AE-4CB5-A585-BE3CFDA171CA}"
EndProject
Global
	GlobalSection(SolutionConfigurationPlatforms) = preSolution
		Debug|Any CPU = Debug|Any CPU
		Release|Any CPU = Release|Any CPU
	EndGlobalSection
	GlobalSection(ProjectConfigurationPlatforms) = postSolution
		{2026A6C2-03AE-4CB5-A585-BE3CFDA171CA}.Debug|Any CPU.ActiveCfg = Debug|Any CPU
		{2026A6C2-03AE-4CB5-A585-BE3CFDA171CA}.Debug|Any CPU.Build.0 = Debug|Any CPU
		{2026A6C2-03AE-4CB5-A585-BE3CFDA171CA}.Release|Any CPU.ActiveCfg = Release|Any CPU
		{2026A6C2-03AE-4CB5-A585-BE3CFDA171CA}.Release|Any CPU.Build.0 = Release|Any CPU
	EndGlobalSection
	GlobalSection(SolutionProperties) = preSolution
		HideSolutionNode = FALSE
	EndGlobalSection
	GlobalSection(ExtensibilityGlobals) = postSolution
		SolutionGuid = {EED49BF3-FA60-4BF0-9D41-C9543DFDBF11}
	EndGlobalSection
EndGlobal
